{
  "version": 4,
  "terraform_version": "0.12.24",
  "serial": 53,
  "lineage": "bc0ad3df-ce00-85d7-bf6d-5cdd5d3ff2cf",
  "outputs": {},
  "resources": [
    {
      "module": "module.mycloud-vpc",
      "mode": "data",
      "type": "aws_availability_zones",
      "name": "available",
      "provider": "provider.aws",
      "instances": [
        {
          "schema_version": 0,
          "attributes": {
            "all_availability_zones": null,
            "blacklisted_names": null,
            "blacklisted_zone_ids": null,
            "filter": null,
            "group_names": [
              "us-east-2"
            ],
            "id": "2020-05-03 04:42:25.593113632 +0000 UTC",
            "names": [
              "us-east-2a",
              "us-east-2b",
              "us-east-2c"
            ],
            "state": "available",
            "zone_ids": [
              "use2-az1",
              "use2-az2",
              "use2-az3"
            ]
          }
        }
      ]
    },
    {
      "module": "module.mycloud-vpc",
      "mode": "managed",
      "type": "aws_eip",
      "name": "nat",
      "provider": "provider.aws",
      "instances": [
        {
          "schema_version": 0,
          "attributes": {
            "allocation_id": null,
            "associate_with_private_ip": null,
            "association_id": "",
            "domain": "vpc",
            "id": "eipalloc-06f3e3a154cde6144",
            "instance": "",
            "network_interface": "",
            "private_dns": null,
            "private_ip": "",
            "public_dns": "ec2-3-23-116-189.us-east-2.compute.amazonaws.com",
            "public_ip": "3.23.116.189",
            "public_ipv4_pool": "amazon",
            "tags": {
              "Name": "nat-gateway-ip"
            },
            "timeouts": null,
            "vpc": true
          },
          "private": "eyJlMmJmYjczMC1lY2FhLTExZTYtOGY4OC0zNDM2M2JjN2M0YzAiOnsiZGVsZXRlIjoxODAwMDAwMDAwMDAsInJlYWQiOjkwMDAwMDAwMDAwMCwidXBkYXRlIjozMDAwMDAwMDAwMDB9fQ==",
          "dependencies": [
            "module.mycloud-vpc.aws_internet_gateway.gw",
            "module.mycloud-vpc.aws_vpc.mycloud-vpc"
          ]
        }
      ]
    },
    {
      "module": "module.mycloud-vpc",
      "mode": "managed",
      "type": "aws_internet_gateway",
      "name": "gw",
      "provider": "provider.aws",
      "instances": [
        {
          "schema_version": 0,
          "attributes": {
            "id": "igw-08f2fabf743fff7f5",
            "owner_id": "490642724582",
            "tags": {
              "Name": "public-internet-gateway"
            },
            "vpc_id": "vpc-0f054459bc5ae32c2"
          },
          "private": "bnVsbA==",
          "dependencies": [
            "module.mycloud-vpc.aws_vpc.mycloud-vpc"
          ]
        }
      ]
    },
    {
      "module": "module.mycloud-vpc",
      "mode": "managed",
      "type": "aws_nat_gateway",
      "name": "privatenat",
      "provider": "provider.aws",
      "instances": [
        {
          "schema_version": 0,
          "attributes": {
            "allocation_id": "eipalloc-06f3e3a154cde6144",
            "id": "nat-06001d9e92918d498",
            "network_interface_id": "eni-0db5de8d31d98db10",
            "private_ip": "10.42.3.166",
            "public_ip": "3.23.116.189",
            "subnet_id": "subnet-03c4007b0e81fddff",
            "tags": {
              "Name": "private-nat-gateway"
            }
          },
          "private": "bnVsbA==",
          "dependencies": [
            "module.mycloud-vpc.aws_eip.nat",
            "module.mycloud-vpc.aws_internet_gateway.gw",
            "module.mycloud-vpc.aws_subnet.Public_Primary",
            "module.mycloud-vpc.aws_vpc.mycloud-vpc"
          ]
        }
      ]
    },
    {
      "module": "module.mycloud-vpc",
      "mode": "managed",
      "type": "aws_subnet",
      "name": "Private_Primary",
      "provider": "provider.aws",
      "instances": [
        {
          "schema_version": 1,
          "attributes": {
            "arn": "arn:aws:ec2:us-east-2:490642724582:subnet/subnet-03dc67026fc32abfd",
            "assign_ipv6_address_on_creation": false,
            "availability_zone": "us-east-2a",
            "availability_zone_id": "use2-az1",
            "cidr_block": "10.42.0.0/24",
            "id": "subnet-03dc67026fc32abfd",
            "ipv6_cidr_block": "",
            "ipv6_cidr_block_association_id": "",
            "map_public_ip_on_launch": false,
            "owner_id": "490642724582",
            "tags": {
              "Name": "Private_Primary"
            },
            "timeouts": null,
            "vpc_id": "vpc-0f054459bc5ae32c2"
          },
          "private": "eyJlMmJmYjczMC1lY2FhLTExZTYtOGY4OC0zNDM2M2JjN2M0YzAiOnsiY3JlYXRlIjo2MDAwMDAwMDAwMDAsImRlbGV0ZSI6MTIwMDAwMDAwMDAwMH0sInNjaGVtYV92ZXJzaW9uIjoiMSJ9",
          "dependencies": [
            "module.mycloud-vpc.aws_vpc.mycloud-vpc"
          ]
        }
      ]
    },
    {
      "module": "module.mycloud-vpc",
      "mode": "managed",
      "type": "aws_subnet",
      "name": "Private_Secondary",
      "provider": "provider.aws",
      "instances": [
        {
          "schema_version": 1,
          "attributes": {
            "arn": "arn:aws:ec2:us-east-2:490642724582:subnet/subnet-05357818296a688ad",
            "assign_ipv6_address_on_creation": false,
            "availability_zone": "us-east-2b",
            "availability_zone_id": "use2-az2",
            "cidr_block": "10.42.1.0/24",
            "id": "subnet-05357818296a688ad",
            "ipv6_cidr_block": "",
            "ipv6_cidr_block_association_id": "",
            "map_public_ip_on_launch": false,
            "owner_id": "490642724582",
            "tags": {
              "Name": "Private_Secondary"
            },
            "timeouts": null,
            "vpc_id": "vpc-0f054459bc5ae32c2"
          },
          "private": "eyJlMmJmYjczMC1lY2FhLTExZTYtOGY4OC0zNDM2M2JjN2M0YzAiOnsiY3JlYXRlIjo2MDAwMDAwMDAwMDAsImRlbGV0ZSI6MTIwMDAwMDAwMDAwMH0sInNjaGVtYV92ZXJzaW9uIjoiMSJ9",
          "dependencies": [
            "module.mycloud-vpc.aws_vpc.mycloud-vpc"
          ]
        }
      ]
    },
    {
      "module": "module.mycloud-vpc",
      "mode": "managed",
      "type": "aws_subnet",
      "name": "Private_Tertiary",
      "provider": "provider.aws",
      "instances": [
        {
          "schema_version": 1,
          "attributes": {
            "arn": "arn:aws:ec2:us-east-2:490642724582:subnet/subnet-0c3decce1dfbcbb41",
            "assign_ipv6_address_on_creation": false,
            "availability_zone": "us-east-2c",
            "availability_zone_id": "use2-az3",
            "cidr_block": "10.42.2.0/24",
            "id": "subnet-0c3decce1dfbcbb41",
            "ipv6_cidr_block": "",
            "ipv6_cidr_block_association_id": "",
            "map_public_ip_on_launch": false,
            "owner_id": "490642724582",
            "tags": {
              "Name": "Private_Tertiary"
            },
            "timeouts": null,
            "vpc_id": "vpc-0f054459bc5ae32c2"
          },
          "private": "eyJlMmJmYjczMC1lY2FhLTExZTYtOGY4OC0zNDM2M2JjN2M0YzAiOnsiY3JlYXRlIjo2MDAwMDAwMDAwMDAsImRlbGV0ZSI6MTIwMDAwMDAwMDAwMH0sInNjaGVtYV92ZXJzaW9uIjoiMSJ9",
          "dependencies": [
            "module.mycloud-vpc.aws_vpc.mycloud-vpc"
          ]
        }
      ]
    },
    {
      "module": "module.mycloud-vpc",
      "mode": "managed",
      "type": "aws_subnet",
      "name": "Public_Primary",
      "provider": "provider.aws",
      "instances": [
        {
          "schema_version": 1,
          "attributes": {
            "arn": "arn:aws:ec2:us-east-2:490642724582:subnet/subnet-03c4007b0e81fddff",
            "assign_ipv6_address_on_creation": false,
            "availability_zone": "us-east-2a",
            "availability_zone_id": "use2-az1",
            "cidr_block": "10.42.3.0/24",
            "id": "subnet-03c4007b0e81fddff",
            "ipv6_cidr_block": "",
            "ipv6_cidr_block_association_id": "",
            "map_public_ip_on_launch": false,
            "owner_id": "490642724582",
            "tags": {
              "Name": "Public_Primary"
            },
            "timeouts": null,
            "vpc_id": "vpc-0f054459bc5ae32c2"
          },
          "private": "eyJlMmJmYjczMC1lY2FhLTExZTYtOGY4OC0zNDM2M2JjN2M0YzAiOnsiY3JlYXRlIjo2MDAwMDAwMDAwMDAsImRlbGV0ZSI6MTIwMDAwMDAwMDAwMH0sInNjaGVtYV92ZXJzaW9uIjoiMSJ9",
          "dependencies": [
            "module.mycloud-vpc.aws_vpc.mycloud-vpc"
          ]
        }
      ]
    },
    {
      "module": "module.mycloud-vpc",
      "mode": "managed",
      "type": "aws_subnet",
      "name": "Public_Secondary",
      "provider": "provider.aws",
      "instances": [
        {
          "schema_version": 1,
          "attributes": {
            "arn": "arn:aws:ec2:us-east-2:490642724582:subnet/subnet-096b6fa0f1f45a430",
            "assign_ipv6_address_on_creation": false,
            "availability_zone": "us-east-2b",
            "availability_zone_id": "use2-az2",
            "cidr_block": "10.42.4.0/24",
            "id": "subnet-096b6fa0f1f45a430",
            "ipv6_cidr_block": "",
            "ipv6_cidr_block_association_id": "",
            "map_public_ip_on_launch": false,
            "owner_id": "490642724582",
            "tags": {
              "Name": "Public_Secondary"
            },
            "timeouts": null,
            "vpc_id": "vpc-0f054459bc5ae32c2"
          },
          "private": "eyJlMmJmYjczMC1lY2FhLTExZTYtOGY4OC0zNDM2M2JjN2M0YzAiOnsiY3JlYXRlIjo2MDAwMDAwMDAwMDAsImRlbGV0ZSI6MTIwMDAwMDAwMDAwMH0sInNjaGVtYV92ZXJzaW9uIjoiMSJ9",
          "dependencies": [
            "module.mycloud-vpc.aws_vpc.mycloud-vpc"
          ]
        }
      ]
    },
    {
      "module": "module.mycloud-vpc",
      "mode": "managed",
      "type": "aws_subnet",
      "name": "Public_Tertiary",
      "provider": "provider.aws",
      "instances": [
        {
          "schema_version": 1,
          "attributes": {
            "arn": "arn:aws:ec2:us-east-2:490642724582:subnet/subnet-000f5aea58d39f8d8",
            "assign_ipv6_address_on_creation": false,
            "availability_zone": "us-east-2c",
            "availability_zone_id": "use2-az3",
            "cidr_block": "10.42.5.0/24",
            "id": "subnet-000f5aea58d39f8d8",
            "ipv6_cidr_block": "",
            "ipv6_cidr_block_association_id": "",
            "map_public_ip_on_launch": false,
            "owner_id": "490642724582",
            "tags": {
              "Name": "Public_Tertiary"
            },
            "timeouts": null,
            "vpc_id": "vpc-0f054459bc5ae32c2"
          },
          "private": "eyJlMmJmYjczMC1lY2FhLTExZTYtOGY4OC0zNDM2M2JjN2M0YzAiOnsiY3JlYXRlIjo2MDAwMDAwMDAwMDAsImRlbGV0ZSI6MTIwMDAwMDAwMDAwMH0sInNjaGVtYV92ZXJzaW9uIjoiMSJ9",
          "dependencies": [
            "module.mycloud-vpc.aws_vpc.mycloud-vpc"
          ]
        }
      ]
    },
    {
      "module": "module.mycloud-vpc",
      "mode": "managed",
      "type": "aws_vpc",
      "name": "mycloud-vpc",
      "provider": "provider.aws",
      "instances": [
        {
          "schema_version": 1,
          "attributes": {
            "arn": "arn:aws:ec2:us-east-2:490642724582:vpc/vpc-0f054459bc5ae32c2",
            "assign_generated_ipv6_cidr_block": false,
            "cidr_block": "10.42.0.0/21",
            "default_network_acl_id": "acl-05c69db50d320735f",
            "default_route_table_id": "rtb-07a22c607656828f5",
            "default_security_group_id": "sg-0fad083aadc9afa3b",
            "dhcp_options_id": "dopt-2bf81e40",
            "enable_classiclink": null,
            "enable_classiclink_dns_support": null,
            "enable_dns_hostnames": true,
            "enable_dns_support": true,
            "id": "vpc-0f054459bc5ae32c2",
            "instance_tenancy": "default",
            "ipv6_association_id": "",
            "ipv6_cidr_block": "",
            "main_route_table_id": "rtb-07a22c607656828f5",
            "owner_id": "490642724582",
            "tags": {
              "Name": "ohio-vpc"
            }
          },
          "private": "eyJzY2hlbWFfdmVyc2lvbiI6IjEifQ=="
        }
      ]
    }
  ]
}
